
Microsoft Visual Studio Solution File, Format Version 12.00
# Visual Studio Version 16
VisualStudioVersion = 16.0.31205.134
MinimumVisualStudioVersion = 10.0.40219.1
Project("{9A19103F-16F7-4668-BE54-9A1E7A4F7556}") = "AssetManagementAPI", "AssetManagementAPI\AssetManagementAPI.csproj", "{31811535-C646-4601-BB66-79334C2801C0}"
EndProject
Project("{FAE04EC0-301F-11D3-BF4B-00C04F79EFBC}") = "AssetManagementClient", "AssetManagementClient\AssetManagementClient.csproj", "{8AFA399E-72C9-4335-9241-F27664B7E225}"
EndProject
Global
	GlobalSection(SolutionConfigurationPlatforms) = preSolution
		Debug|Any CPU = Debug|Any CPU
		Release|Any CPU = Release|Any CPU
	EndGlobalSection
	GlobalSection(ProjectConfigurationPlatforms) = postSolution
		{31811535-C646-4601-BB66-79334C2801C0}.Debug|Any CPU.ActiveCfg = Debug|Any CPU
		{31811535-C646-4601-BB66-79334C2801C0}.Debug|Any CPU.Build.0 = Debug|Any CPU
		{31811535-C646-4601-BB66-79334C2801C0}.Release|Any CPU.ActiveCfg = Release|Any CPU
		{31811535-C646-4601-BB66-79334C2801C0}.Release|Any CPU.Build.0 = Release|Any CPU
		{8AFA399E-72C9-4335-9241-F27664B7E225}.Debug|Any CPU.ActiveCfg = Debug|Any CPU
		{8AFA399E-72C9-4335-9241-F27664B7E225}.Debug|Any CPU.Build.0 = Debug|Any CPU
		{8AFA399E-72C9-4335-9241-F27664B7E225}.Release|Any CPU.ActiveCfg = Release|Any CPU
		{8AFA399E-72C9-4335-9241-F27664B7E225}.Release|Any CPU.Build.0 = Release|Any CPU
	EndGlobalSection
	GlobalSection(SolutionProperties) = preSolution
		HideSolutionNode = FALSE
	EndGlobalSection
	GlobalSection(ExtensibilityGlobals) = postSolution
		SolutionGuid = {7970600E-6813-4089-ABC4-EBCF107DFAAD}
	EndGlobalSection
EndGlobal
